
Microsoft Visual Studio Solution File, Format Version 12.00
# Visual Studio Version 17
VisualStudioVersion = 17.14.36221.1 d17.14
MinimumVisualStudioVersion = 10.0.40219.1
Project("{FAE04EC0-301F-11D3-BF4B-00C04F79EFBC}") = "Thryve.WebApp", "Thryve.WebApp\Thryve.WebApp\Thryve.WebApp.csproj", "{4CFE54A8-A570-4FF7-A0C7-F4490D5C780A}"
EndProject
Project("{FAE04EC0-301F-11D3-BF4B-00C04F79EFBC}") = "Thryve.WebApp.Client", "Thryve.WebApp\Thryve.WebApp.Client\Thryve.WebApp.Client.csproj", "{A45AC96F-3F26-4772-A2D3-1EEED12FF88A}"
EndProject
Global
	GlobalSection(SolutionConfigurationPlatforms) = preSolution
		Debug|Any CPU = Debug|Any CPU
		Release|Any CPU = Release|Any CPU
	EndGlobalSection
	GlobalSection(ProjectConfigurationPlatforms) = postSolution
		{4CFE54A8-A570-4FF7-A0C7-F4490D5C780A}.Debug|Any CPU.ActiveCfg = Debug|Any CPU
		{4CFE54A8-A570-4FF7-A0C7-F4490D5C780A}.Debug|Any CPU.Build.0 = Debug|Any CPU
		{4CFE54A8-A570-4FF7-A0C7-F4490D5C780A}.Release|Any CPU.ActiveCfg = Release|Any CPU
		{4CFE54A8-A570-4FF7-A0C7-F4490D5C780A}.Release|Any CPU.Build.0 = Release|Any CPU
		{A45AC96F-3F26-4772-A2D3-1EEED12FF88A}.Debug|Any CPU.ActiveCfg = Debug|Any CPU
		{A45AC96F-3F26-4772-A2D3-1EEED12FF88A}.Debug|Any CPU.Build.0 = Debug|Any CPU
		{A45AC96F-3F26-4772-A2D3-1EEED12FF88A}.Release|Any CPU.ActiveCfg = Release|Any CPU
		{A45AC96F-3F26-4772-A2D3-1EEED12FF88A}.Release|Any CPU.Build.0 = Release|Any CPU
	EndGlobalSection
	GlobalSection(SolutionProperties) = preSolution
		HideSolutionNode = FALSE
	EndGlobalSection
	GlobalSection(ExtensibilityGlobals) = postSolution
		SolutionGuid = {0D450DAA-989C-4A21-838C-9C51D15CAB44}
	EndGlobalSection
EndGlobal
